
Microsoft Visual Studio Solution File, Format Version 12.00
# Visual Studio Version 17
VisualStudioVersion = 17.6.33829.357
MinimumVisualStudioVersion = 10.0.40219.1
Project("{9A19103F-16F7-4668-BE54-9A1E7A4F7556}") = "HomeImprove", "HomeImprove\HomeImprove.csproj", "{9C3FD74D-1F5A-48CA-A215-2BA0690D586E}"
EndProject
Project("{9A19103F-16F7-4668-BE54-9A1E7A4F7556}") = "HomeImpr.DataAccess", "HomeImprove.DataAccess\HomeImpr.DataAccess.csproj", "{D0B5A653-BE5E-4562-90C8-457101D75BF4}"
EndProject
Project("{9A19103F-16F7-4668-BE54-9A1E7A4F7556}") = "HomeImpr.Models", "HomeImprove.Models\HomeImpr.Models.csproj", "{023BDC0D-96E4-4915-A58F-9677708864C6}"
EndProject
Project("{9A19103F-16F7-4668-BE54-9A1E7A4F7556}") = "HomeImpr.Utility", "HomeImprove.Utility\HomeImpr.Utility.csproj", "{9E9A435C-C619-4FC6-BD1B-147773A35EF3}"
EndProject
Global
	GlobalSection(SolutionConfigurationPlatforms) = preSolution
		Debug|Any CPU = Debug|Any CPU
		Release|Any CPU = Release|Any CPU
	EndGlobalSection
	GlobalSection(ProjectConfigurationPlatforms) = postSolution
		{9C3FD74D-1F5A-48CA-A215-2BA0690D586E}.Debug|Any CPU.ActiveCfg = Debug|Any CPU
		{9C3FD74D-1F5A-48CA-A215-2BA0690D586E}.Debug|Any CPU.Build.0 = Debug|Any CPU
		{9C3FD74D-1F5A-48CA-A215-2BA0690D586E}.Release|Any CPU.ActiveCfg = Release|Any CPU
		{9C3FD74D-1F5A-48CA-A215-2BA0690D586E}.Release|Any CPU.Build.0 = Release|Any CPU
		{D0B5A653-BE5E-4562-90C8-457101D75BF4}.Debug|Any CPU.ActiveCfg = Debug|Any CPU
		{D0B5A653-BE5E-4562-90C8-457101D75BF4}.Debug|Any CPU.Build.0 = Debug|Any CPU
		{D0B5A653-BE5E-4562-90C8-457101D75BF4}.Release|Any CPU.ActiveCfg = Release|Any CPU
		{D0B5A653-BE5E-4562-90C8-457101D75BF4}.Release|Any CPU.Build.0 = Release|Any CPU
		{023BDC0D-96E4-4915-A58F-9677708864C6}.Debug|Any CPU.ActiveCfg = Debug|Any CPU
		{023BDC0D-96E4-4915-A58F-9677708864C6}.Debug|Any CPU.Build.0 = Debug|Any CPU
		{023BDC0D-96E4-4915-A58F-9677708864C6}.Release|Any CPU.ActiveCfg = Release|Any CPU
		{023BDC0D-96E4-4915-A58F-9677708864C6}.Release|Any CPU.Build.0 = Release|Any CPU
		{9E9A435C-C619-4FC6-BD1B-147773A35EF3}.Debug|Any CPU.ActiveCfg = Debug|Any CPU
		{9E9A435C-C619-4FC6-BD1B-147773A35EF3}.Debug|Any CPU.Build.0 = Debug|Any CPU
		{9E9A435C-C619-4FC6-BD1B-147773A35EF3}.Release|Any CPU.ActiveCfg = Release|Any CPU
		{9E9A435C-C619-4FC6-BD1B-147773A35EF3}.Release|Any CPU.Build.0 = Release|Any CPU
	EndGlobalSection
	GlobalSection(SolutionProperties) = preSolution
		HideSolutionNode = FALSE
	EndGlobalSection
	GlobalSection(ExtensibilityGlobals) = postSolution
		SolutionGuid = {1BE0D49E-B4FD-4D45-BF96-F8E792E8A022}
	EndGlobalSection
EndGlobal
